
Microsoft Visual Studio Solution File, Format Version 12.00
# Visual Studio 2013
VisualStudioVersion = 12.0.30723.0
MinimumVisualStudioVersion = 10.0.40219.1
Project("{2150E333-8FDC-42A3-9474-1A3956D46DE8}") = "01 - Hello World", "01 - Hello World", "{B537282E-3408-465F-B862-5B9E8F5014D8}"
EndProject
Project("{FAE04EC0-301F-11D3-BF4B-00C04F79EFBC}") = "HelloWorld.Producer", "HelloWorld.Producer\HelloWorld.Producer.csproj", "{B9EE4487-9A72-42D1-81C5-EE6115CA1CAF}"
EndProject
Project("{FAE04EC0-301F-11D3-BF4B-00C04F79EFBC}") = "HelloWorld.Consumer", "HelloWorld.Consumer\HelloWorld.Consumer.csproj", "{7A421246-E3E6-4B40-994C-2086D82CD5A2}"
EndProject
Project("{2150E333-8FDC-42A3-9474-1A3956D46DE8}") = "03 - Pub Sub", "03 - Pub Sub", "{68E454AB-97A6-4D42-AB47-0557946E6F6D}"
EndProject
Project("{FAE04EC0-301F-11D3-BF4B-00C04F79EFBC}") = "PubSub.Producer", "PubSub.Producer\PubSub.Producer.csproj", "{BC662BF2-9CC2-49DF-B4B3-89E36A2B59B8}"
EndProject
Project("{FAE04EC0-301F-11D3-BF4B-00C04F79EFBC}") = "PubSub.Consumer", "PubSub.Consumer\PubSub.Consumer.csproj", "{C49D0FF2-D770-4679-9110-1D8664A28668}"
EndProject
Project("{FAE04EC0-301F-11D3-BF4B-00C04F79EFBC}") = "PubSub.DurableConsumer", "PubSub.DurableConsumer\PubSub.DurableConsumer.csproj", "{84B46233-7EB8-4357-8AFD-360D8A503CF9}"
EndProject
Project("{2150E333-8FDC-42A3-9474-1A3956D46DE8}") = "04 - Direct Routing", "04 - Direct Routing", "{20DE58B9-24AB-4750-AC1C-50F9001C76C4}"
EndProject
Project("{FAE04EC0-301F-11D3-BF4B-00C04F79EFBC}") = "DirectRouting.EmailClient", "DirectRouting.EmailClient\DirectRouting.EmailClient.csproj", "{03BAAC69-C4EC-4119-9380-14ED4196959D}"
EndProject
Project("{2150E333-8FDC-42A3-9474-1A3956D46DE8}") = "05 - Topic Routing", "05 - Topic Routing", "{7CD38DC0-F552-4AA2-B598-CF97ACBC7645}"
EndProject
Project("{FAE04EC0-301F-11D3-BF4B-00C04F79EFBC}") = "TopicRouting.Producer", "TopicRouting.Producer\TopicRouting.Producer.csproj", "{CDC12671-C90C-4A50-8D1C-3A1A3F645296}"
EndProject
Project("{FAE04EC0-301F-11D3-BF4B-00C04F79EFBC}") = "TopicRouting.Consumer", "TopicRouting.Consumer\TopicRouting.Consumer.csproj", "{1103B69A-5BFF-4B78-A446-A1DFEDB22A0C}"
EndProject
Project("{2150E333-8FDC-42A3-9474-1A3956D46DE8}") = "06 - RPC", "06 - RPC", "{9F4353A1-B6B8-4EDE-BF31-CE753756CB65}"
EndProject
Project("{FAE04EC0-301F-11D3-BF4B-00C04F79EFBC}") = "RPC.Client", "RPC.Client\RPC.Client.csproj", "{5E897935-420F-4B4F-BB06-9B41F022F247}"
EndProject
Project("{FAE04EC0-301F-11D3-BF4B-00C04F79EFBC}") = "RPC.Server", "RPC.Server\RPC.Server.csproj", "{3CA2D3E0-8127-44A1-A4BE-C596997EA17F}"
EndProject
Project("{2150E333-8FDC-42A3-9474-1A3956D46DE8}") = "09 - Delayed delivery", "09 - Delayed delivery", "{8EC53977-28E2-4CE6-957D-CBD32B56C55D}"
EndProject
Project("{FAE04EC0-301F-11D3-BF4B-00C04F79EFBC}") = "DelayedDelivery.Consumer", "DelayedDelivery.Consumer\DelayedDelivery.Consumer.csproj", "{F30B0071-0897-4148-B9BF-EFCF5E2E9B75}"
EndProject
Project("{FAE04EC0-301F-11D3-BF4B-00C04F79EFBC}") = "DelayedDelivery.Producer", "DelayedDelivery.Producer\DelayedDelivery.Producer.csproj", "{21F89189-E55F-4A67-9B8B-DF3EED03B2C5}"
EndProject
Project("{2150E333-8FDC-42A3-9474-1A3956D46DE8}") = "08 - Manual Reject", "08 - Manual Reject", "{3B3D632A-8CE6-4803-A4DD-78777FDE7675}"
EndProject
Project("{FAE04EC0-301F-11D3-BF4B-00C04F79EFBC}") = "ManualReject.EmailClient", "ManualAck.EmailClient\ManualReject.EmailClient.csproj", "{F92F58A8-3AB9-4CF4-8F81-FCC9F3B39447}"
EndProject
Project("{FAE04EC0-301F-11D3-BF4B-00C04F79EFBC}") = "ManualReject.SpamReporter", "ManualReject.SpamReporter\ManualReject.SpamReporter.csproj", "{9B0E7241-28E9-46AF-8F24-2016FFC99DCA}"
EndProject
Global
	GlobalSection(SolutionConfigurationPlatforms) = preSolution
		Debug|Any CPU = Debug|Any CPU
		Release|Any CPU = Release|Any CPU
	EndGlobalSection
	GlobalSection(ProjectConfigurationPlatforms) = postSolution
		{B9EE4487-9A72-42D1-81C5-EE6115CA1CAF}.Debug|Any CPU.ActiveCfg = Debug|Any CPU
		{B9EE4487-9A72-42D1-81C5-EE6115CA1CAF}.Debug|Any CPU.Build.0 = Debug|Any CPU
		{B9EE4487-9A72-42D1-81C5-EE6115CA1CAF}.Release|Any CPU.ActiveCfg = Release|Any CPU
		{B9EE4487-9A72-42D1-81C5-EE6115CA1CAF}.Release|Any CPU.Build.0 = Release|Any CPU
		{7A421246-E3E6-4B40-994C-2086D82CD5A2}.Debug|Any CPU.ActiveCfg = Debug|Any CPU
		{7A421246-E3E6-4B40-994C-2086D82CD5A2}.Debug|Any CPU.Build.0 = Debug|Any CPU
		{7A421246-E3E6-4B40-994C-2086D82CD5A2}.Release|Any CPU.ActiveCfg = Release|Any CPU
		{7A421246-E3E6-4B40-994C-2086D82CD5A2}.Release|Any CPU.Build.0 = Release|Any CPU
		{BC662BF2-9CC2-49DF-B4B3-89E36A2B59B8}.Debug|Any CPU.ActiveCfg = Debug|Any CPU
		{BC662BF2-9CC2-49DF-B4B3-89E36A2B59B8}.Debug|Any CPU.Build.0 = Debug|Any CPU
		{BC662BF2-9CC2-49DF-B4B3-89E36A2B59B8}.Release|Any CPU.ActiveCfg = Release|Any CPU
		{BC662BF2-9CC2-49DF-B4B3-89E36A2B59B8}.Release|Any CPU.Build.0 = Release|Any CPU
		{C49D0FF2-D770-4679-9110-1D8664A28668}.Debug|Any CPU.ActiveCfg = Debug|Any CPU
		{C49D0FF2-D770-4679-9110-1D8664A28668}.Debug|Any CPU.Build.0 = Debug|Any CPU
		{C49D0FF2-D770-4679-9110-1D8664A28668}.Release|Any CPU.ActiveCfg = Release|Any CPU
		{C49D0FF2-D770-4679-9110-1D8664A28668}.Release|Any CPU.Build.0 = Release|Any CPU
		{84B46233-7EB8-4357-8AFD-360D8A503CF9}.Debug|Any CPU.ActiveCfg = Debug|Any CPU
		{84B46233-7EB8-4357-8AFD-360D8A503CF9}.Debug|Any CPU.Build.0 = Debug|Any CPU
		{84B46233-7EB8-4357-8AFD-360D8A503CF9}.Release|Any CPU.ActiveCfg = Release|Any CPU
		{84B46233-7EB8-4357-8AFD-360D8A503CF9}.Release|Any CPU.Build.0 = Release|Any CPU
		{03BAAC69-C4EC-4119-9380-14ED4196959D}.Debug|Any CPU.ActiveCfg = Debug|Any CPU
		{03BAAC69-C4EC-4119-9380-14ED4196959D}.Debug|Any CPU.Build.0 = Debug|Any CPU
		{03BAAC69-C4EC-4119-9380-14ED4196959D}.Release|Any CPU.ActiveCfg = Release|Any CPU
		{03BAAC69-C4EC-4119-9380-14ED4196959D}.Release|Any CPU.Build.0 = Release|Any CPU
		{CDC12671-C90C-4A50-8D1C-3A1A3F645296}.Debug|Any CPU.ActiveCfg = Debug|Any CPU
		{CDC12671-C90C-4A50-8D1C-3A1A3F645296}.Debug|Any CPU.Build.0 = Debug|Any CPU
		{CDC12671-C90C-4A50-8D1C-3A1A3F645296}.Release|Any CPU.ActiveCfg = Release|Any CPU
		{CDC12671-C90C-4A50-8D1C-3A1A3F645296}.Release|Any CPU.Build.0 = Release|Any CPU
		{1103B69A-5BFF-4B78-A446-A1DFEDB22A0C}.Debug|Any CPU.ActiveCfg = Debug|Any CPU
		{1103B69A-5BFF-4B78-A446-A1DFEDB22A0C}.Debug|Any CPU.Build.0 = Debug|Any CPU
		{1103B69A-5BFF-4B78-A446-A1DFEDB22A0C}.Release|Any CPU.ActiveCfg = Release|Any CPU
		{1103B69A-5BFF-4B78-A446-A1DFEDB22A0C}.Release|Any CPU.Build.0 = Release|Any CPU
		{5E897935-420F-4B4F-BB06-9B41F022F247}.Debug|Any CPU.ActiveCfg = Debug|Any CPU
		{5E897935-420F-4B4F-BB06-9B41F022F247}.Debug|Any CPU.Build.0 = Debug|Any CPU
		{5E897935-420F-4B4F-BB06-9B41F022F247}.Release|Any CPU.ActiveCfg = Release|Any CPU
		{5E897935-420F-4B4F-BB06-9B41F022F247}.Release|Any CPU.Build.0 = Release|Any CPU
		{3CA2D3E0-8127-44A1-A4BE-C596997EA17F}.Debug|Any CPU.ActiveCfg = Debug|Any CPU
		{3CA2D3E0-8127-44A1-A4BE-C596997EA17F}.Debug|Any CPU.Build.0 = Debug|Any CPU
		{3CA2D3E0-8127-44A1-A4BE-C596997EA17F}.Release|Any CPU.ActiveCfg = Release|Any CPU
		{3CA2D3E0-8127-44A1-A4BE-C596997EA17F}.Release|Any CPU.Build.0 = Release|Any CPU
		{F30B0071-0897-4148-B9BF-EFCF5E2E9B75}.Debug|Any CPU.ActiveCfg = Debug|Any CPU
		{F30B0071-0897-4148-B9BF-EFCF5E2E9B75}.Debug|Any CPU.Build.0 = Debug|Any CPU
		{F30B0071-0897-4148-B9BF-EFCF5E2E9B75}.Release|Any CPU.ActiveCfg = Release|Any CPU
		{F30B0071-0897-4148-B9BF-EFCF5E2E9B75}.Release|Any CPU.Build.0 = Release|Any CPU
		{21F89189-E55F-4A67-9B8B-DF3EED03B2C5}.Debug|Any CPU.ActiveCfg = Debug|Any CPU
		{21F89189-E55F-4A67-9B8B-DF3EED03B2C5}.Debug|Any CPU.Build.0 = Debug|Any CPU
		{21F89189-E55F-4A67-9B8B-DF3EED03B2C5}.Release|Any CPU.ActiveCfg = Release|Any CPU
		{21F89189-E55F-4A67-9B8B-DF3EED03B2C5}.Release|Any CPU.Build.0 = Release|Any CPU
		{F92F58A8-3AB9-4CF4-8F81-FCC9F3B39447}.Debug|Any CPU.ActiveCfg = Debug|Any CPU
		{F92F58A8-3AB9-4CF4-8F81-FCC9F3B39447}.Debug|Any CPU.Build.0 = Debug|Any CPU
		{F92F58A8-3AB9-4CF4-8F81-FCC9F3B39447}.Release|Any CPU.ActiveCfg = Release|Any CPU
		{F92F58A8-3AB9-4CF4-8F81-FCC9F3B39447}.Release|Any CPU.Build.0 = Release|Any CPU
		{9B0E7241-28E9-46AF-8F24-2016FFC99DCA}.Debug|Any CPU.ActiveCfg = Debug|Any CPU
		{9B0E7241-28E9-46AF-8F24-2016FFC99DCA}.Debug|Any CPU.Build.0 = Debug|Any CPU
		{9B0E7241-28E9-46AF-8F24-2016FFC99DCA}.Release|Any CPU.ActiveCfg = Release|Any CPU
		{9B0E7241-28E9-46AF-8F24-2016FFC99DCA}.Release|Any CPU.Build.0 = Release|Any CPU
	EndGlobalSection
	GlobalSection(SolutionProperties) = preSolution
		HideSolutionNode = FALSE
	EndGlobalSection
	GlobalSection(NestedProjects) = preSolution
		{B9EE4487-9A72-42D1-81C5-EE6115CA1CAF} = {B537282E-3408-465F-B862-5B9E8F5014D8}
		{7A421246-E3E6-4B40-994C-2086D82CD5A2} = {B537282E-3408-465F-B862-5B9E8F5014D8}
		{BC662BF2-9CC2-49DF-B4B3-89E36A2B59B8} = {68E454AB-97A6-4D42-AB47-0557946E6F6D}
		{C49D0FF2-D770-4679-9110-1D8664A28668} = {68E454AB-97A6-4D42-AB47-0557946E6F6D}
		{84B46233-7EB8-4357-8AFD-360D8A503CF9} = {68E454AB-97A6-4D42-AB47-0557946E6F6D}
		{03BAAC69-C4EC-4119-9380-14ED4196959D} = {20DE58B9-24AB-4750-AC1C-50F9001C76C4}
		{CDC12671-C90C-4A50-8D1C-3A1A3F645296} = {7CD38DC0-F552-4AA2-B598-CF97ACBC7645}
		{1103B69A-5BFF-4B78-A446-A1DFEDB22A0C} = {7CD38DC0-F552-4AA2-B598-CF97ACBC7645}
		{5E897935-420F-4B4F-BB06-9B41F022F247} = {9F4353A1-B6B8-4EDE-BF31-CE753756CB65}
		{3CA2D3E0-8127-44A1-A4BE-C596997EA17F} = {9F4353A1-B6B8-4EDE-BF31-CE753756CB65}
		{F30B0071-0897-4148-B9BF-EFCF5E2E9B75} = {8EC53977-28E2-4CE6-957D-CBD32B56C55D}
		{21F89189-E55F-4A67-9B8B-DF3EED03B2C5} = {8EC53977-28E2-4CE6-957D-CBD32B56C55D}
		{F92F58A8-3AB9-4CF4-8F81-FCC9F3B39447} = {3B3D632A-8CE6-4803-A4DD-78777FDE7675}
		{9B0E7241-28E9-46AF-8F24-2016FFC99DCA} = {3B3D632A-8CE6-4803-A4DD-78777FDE7675}
	EndGlobalSection
EndGlobal
